// !$*UTF8*$!
{
	archiveVersion = 1;
	classes = {
	};
	objectVersion = 46;
	objects = {

/* Begin PBXBuildFile section */
		421DF9991B1AACD700F8BFDE /* main.m in Sources */ = {isa = PBXBuildFile; fileRef = 421DF9981B1AACD700F8BFDE /* main.m */; };
		421DF99C1B1AACD700F8BFDE /* AppDelegate.m in Sources */ = {isa = PBXBuildFile; fileRef = 421DF99B1B1AACD700F8BFDE /* AppDelegate.m */; };
		421DF99F1B1AACD700F8BFDE /* ViewController.m in Sources */ = {isa = PBXBuildFile; fileRef = 421DF99E1B1AACD700F8BFDE /* ViewController.m */; };
		421DF9A21B1AACD700F8BFDE /* Main.storyboard in Resources */ = {isa = PBXBuildFile; fileRef = 421DF9A01B1AACD700F8BFDE /* Main.storyboard */; };
		421DF9A41B1AACD700F8BFDE /* Images.xcassets in Resources */ = {isa = PBXBuildFile; fileRef = 421DF9A31B1AACD700F8BFDE /* Images.xcassets */; };
		421DF9A71B1AACD700F8BFDE /* LaunchScreen.xib in Resources */ = {isa = PBXBuildFile; fileRef = 421DF9A51B1AACD700F8BFDE /* LaunchScreen.xib */; };
		421DF9B31B1AACD700F8BFDE /* ToDoListTests.m in Sources */ = {isa = PBXBuildFile; fileRef = 421DF9B21B1AACD700F8BFDE /* ToDoListTests.m */; };
		426C7B691B1CFFC000CDB9EB /* AddToDoItemViewController.m in Sources */ = {isa = PBXBuildFile; fileRef = 426C7B681B1CFFC000CDB9EB /* AddToDoItemViewController.m */; };
		426C7B6D1B1D00AC00CDB9EB /* ToDoListTableViewController.m in Sources */ = {isa = PBXBuildFile; fileRef = 426C7B6C1B1D00AC00CDB9EB /* ToDoListTableViewController.m */; };
/* End PBXBuildFile section */

/* Begin PBXContainerItemProxy section */
		421DF9AD1B1AACD700F8BFDE /* PBXContainerItemProxy */ = {
			isa = PBXContainerItemProxy;
			containerPortal = 421DF98B1B1AACD700F8BFDE /* Project object */;
			proxyType = 1;
			remoteGlobalIDString = 421DF9921B1AACD700F8BFDE;
			remoteInfo = ToDoList;
		};
/* End PBXContainerItemProxy section */

/* Begin PBXFileReference section */
		421DF9931B1AACD700F8BFDE /* ToDoList.app */ = {isa = PBXFileReference; explicitFileType = wrapper.application; includeInIndex = 0; path = ToDoList.app; sourceTree = BUILT_PRODUCTS_DIR; };
		421DF9971B1AACD700F8BFDE /* Info.plist */ = {isa = PBXFileReference; lastKnownFileType = text.plist.xml; path = Info.plist; sourceTree = "<group>"; };
		421DF9981B1AACD700F8BFDE /* main.m */ = {isa = PBXFileReference; lastKnownFileType = sourcecode.c.objc; path = main.m; sourceTree = "<group>"; };
		421DF99A1B1AACD700F8BFDE /* AppDelegate.h */ = {isa = PBXFileReference; lastKnownFileType = sourcecode.c.h; path = AppDelegate.h; sourceTree = "<group>"; };
		421DF99B1B1AACD700F8BFDE /* AppDelegate.m */ = {isa = PBXFileReference; lastKnownFileType = sourcecode.c.objc; path = AppDelegate.m; sourceTree = "<group>"; };
		421DF99D1B1AACD700F8BFDE /* ViewController.h */ = {isa = PBXFileReference; lastKnownFileType = sourcecode.c.h; path = ViewController.h; sourceTree = "<group>"; };
		421DF99E1B1AACD700F8BFDE /* ViewController.m */ = {isa = PBXFileReference; lastKnownFileType = sourcecode.c.objc; path = ViewController.m; sourceTree = "<group>"; };
		421DF9A11B1AACD700F8BFDE /* Base */ = {isa = PBXFileReference; lastKnownFileType = file.storyboard; name = Base; path = Base.lproj/Main.storyboard; sourceTree = "<group>"; };
		421DF9A31B1AACD700F8BFDE /* Images.xcassets */ = {isa = PBXFileReference; lastKnownFileType = folder.assetcatalog; path = Images.xcassets; sourceTree = "<group>"; };
		421DF9A61B1AACD700F8BFDE /* Base */ = {isa = PBXFileReference; lastKnownFileType = file.xib; name = Base; path = Base.lproj/LaunchScreen.xib; sourceTree = "<group>"; };
		421DF9AC1B1AACD700F8BFDE /* ToDoListTests.xctest */ = {isa = PBXFileReference; explicitFileType = wrapper.cfbundle; includeInIndex = 0; path = ToDoListTests.xctest; sourceTree = BUILT_PRODUCTS_DIR; };
		421DF9B11B1AACD700F8BFDE /* Info.plist */ = {isa = PBXFileReference; lastKnownFileType = text.plist.xml; path = Info.plist; sourceTree = "<group>"; };
		421DF9B21B1AACD700F8BFDE /* ToDoListTests.m */ = {isa = PBXFileReference; lastKnownFileType = sourcecode.c.objc; path = ToDoListTests.m; sourceTree = "<group>"; };
		426C7B671B1CFFC000CDB9EB /* AddToDoItemViewController.h */ = {isa = PBXFileReference; fileEncoding = 4; lastKnownFileType = sourcecode.c.h; path = AddToDoItemViewController.h; sourceTree = "<group>"; };
		426C7B681B1CFFC000CDB9EB /* AddToDoItemViewController.m */ = {isa = PBXFileReference; fileEncoding = 4; lastKnownFileType = sourcecode.c.objc; path = AddToDoItemViewController.m; sourceTree = "<group>"; };
		426C7B6B1B1D00AC00CDB9EB /* ToDoListTableViewController.h */ = {isa = PBXFileReference; fileEncoding = 4; lastKnownFileType = sourcecode.c.h; path = ToDoListTableViewController.h; sourceTree = "<group>"; };
		426C7B6C1B1D00AC00CDB9EB /* ToDoListTableViewController.m */ = {isa = PBXFileReference; fileEncoding = 4; lastKnownFileType = sourcecode.c.objc; path = ToDoListTableViewController.m; sourceTree = "<group>"; };
/* End PBXFileReference section */

/* Begin PBXFrameworksBuildPhase section */
		421DF9901B1AACD700F8BFDE /* Frameworks */ = {
			isa = PBXFrameworksBuildPhase;
			buildActionMask = 2147483647;
			files = (
			);
			runOnlyForDeploymentPostprocessing = 0;
		};
		421DF9A91B1AACD700F8BFDE /* Frameworks */ = {
			isa = PBXFrameworksBuildPhase;
			buildActionMask = 2147483647;
			files = (
			);
			runOnlyForDeploymentPostprocessing = 0;
		};
/* End PBXFrameworksBuildPhase section */

/* Begin PBXGroup section */
		421DF98A1B1AACD700F8BFDE = {
			isa = PBXGroup;
			children = (
				421DF9951B1AACD700F8BFDE /* ToDoList */,
				421DF9AF1B1AACD700F8BFDE /* ToDoListTests */,
				421DF9941B1AACD700F8BFDE /* Products */,
			);
			sourceTree = "<group>";
		};
		421DF9941B1AACD700F8BFDE /* Products */ = {
			isa = PBXGroup;
			children = (
				421DF9931B1AACD700F8BFDE /* ToDoList.app */,
				421DF9AC1B1AACD700F8BFDE /* ToDoListTests.xctest */,
			);
			name = Products;
			sourceTree = "<group>";
		};
		421DF9951B1AACD700F8BFDE /* ToDoList */ = {
			isa = PBXGroup;
			children = (
				426C7B6A1B1D004600CDB9EB /* View Controllers */,
				421DF99A1B1AACD700F8BFDE /* AppDelegate.h */,
				421DF99B1B1AACD700F8BFDE /* AppDelegate.m */,
				421DF99D1B1AACD700F8BFDE /* ViewController.h */,
				421DF99E1B1AACD700F8BFDE /* ViewController.m */,
				421DF9A01B1AACD700F8BFDE /* Main.storyboard */,
				421DF9A31B1AACD700F8BFDE /* Images.xcassets */,
				421DF9A51B1AACD700F8BFDE /* LaunchScreen.xib */,
				421DF9961B1AACD700F8BFDE /* Supporting Files */,
			);
			path = ToDoList;
			sourceTree = "<group>";
		};
		421DF9961B1AACD700F8BFDE /* Supporting Files */ = {
			isa = PBXGroup;
			children = (
				421DF9971B1AACD700F8BFDE /* Info.plist */,
				421DF9981B1AACD700F8BFDE /* main.m */,
			);
			name = "Supporting Files";
			sourceTree = "<group>";
		};
		421DF9AF1B1AACD700F8BFDE /* ToDoListTests */ = {
			isa = PBXGroup;
			children = (
				421DF9B21B1AACD700F8BFDE /* ToDoListTests.m */,
				421DF9B01B1AACD700F8BFDE /* Supporting Files */,
			);
			path = ToDoListTests;
			sourceTree = "<group>";
		};
		421DF9B01B1AACD700F8BFDE /* Supporting Files */ = {
			isa = PBXGroup;
			children = (
				421DF9B11B1AACD700F8BFDE /* Info.plist */,
			);
			name = "Supporting Files";
			sourceTree = "<group>";
		};
		426C7B6A1B1D004600CDB9EB /* View Controllers */ = {
			isa = PBXGroup;
			children = (
				426C7B671B1CFFC000CDB9EB /* AddToDoItemViewController.h */,
				426C7B681B1CFFC000CDB9EB /* AddToDoItemViewController.m */,
				426C7B6B1B1D00AC00CDB9EB /* ToDoListTableViewController.h */,
				426C7B6C1B1D00AC00CDB9EB /* ToDoListTableViewController.m */,
			);
			name = "View Controllers";
			sourceTree = "<group>";
		};
/* End PBXGroup section */

/* Begin PBXNativeTarget section */
		421DF9921B1AACD700F8BFDE /* ToDoList */ = {
			isa = PBXNativeTarget;
			buildConfigurationList = 421DF9B61B1AACD700F8BFDE /* Build configuration list for PBXNativeTarget "ToDoList" */;
			buildPhases = (
				421DF98F1B1AACD700F8BFDE /* Sources */,
				421DF9901B1AACD700F8BFDE /* Frameworks */,
				421DF9911B1AACD700F8BFDE /* Resources */,
			);
			buildRules = (
			);
			dependencies = (
			);
			name = ToDoList;
			productName = ToDoList;
			productReference = 421DF9931B1AACD700F8BFDE /* ToDoList.app */;
			productType = "com.apple.product-type.application";
		};
		421DF9AB1B1AACD700F8BFDE /* ToDoListTests */ = {
			isa = PBXNativeTarget;
			buildConfigurationList = 421DF9B91B1AACD700F8BFDE /* Build configuration list for PBXNativeTarget "ToDoListTests" */;
			buildPhases = (
				421DF9A81B1AACD700F8BFDE /* Sources */,
				421DF9A91B1AACD700F8BFDE /* Frameworks */,
				421DF9AA1B1AACD700F8BFDE /* Resources */,
			);
			buildRules = (
			);
			dependencies = (
				421DF9AE1B1AACD700F8BFDE /* PBXTargetDependency */,
			);
			name = ToDoListTests;
			productName = ToDoListTests;
			productReference = 421DF9AC1B1AACD700F8BFDE /* ToDoListTests.xctest */;
			productType = "com.apple.product-type.bundle.unit-test";
		};
/* End PBXNativeTarget section */

/* Begin PBXProject section */
		421DF98B1B1AACD700F8BFDE /* Project object */ = {
			isa = PBXProject;
			attributes = {
				LastUpgradeCheck = 0620;
				ORGANIZATIONNAME = "Parsa Alipour";
				TargetAttributes = {
					421DF9921B1AACD700F8BFDE = {
						CreatedOnToolsVersion = 6.2;
					};
					421DF9AB1B1AACD700F8BFDE = {
						CreatedOnToolsVersion = 6.2;
						TestTargetID = 421DF9921B1AACD700F8BFDE;
					};
				};
			};
			buildConfigurationList = 421DF98E1B1AACD700F8BFDE /* Build configuration list for PBXProject "ToDoList" */;
			compatibilityVersion = "Xcode 3.2";
			developmentRegion = English;
			hasScannedForEncodings = 0;
			knownRegions = (
				en,
				Base,
			);
			mainGroup = 421DF98A1B1AACD700F8BFDE;
			productRefGroup = 421DF9941B1AACD700F8BFDE /* Products */;
			projectDirPath = "";
			projectRoot = "";
			targets = (
				421DF9921B1AACD700F8BFDE /* ToDoList */,
				421DF9AB1B1AACD700F8BFDE /* ToDoListTests */,
			);
		};
/* End PBXProject section */

/* Begin PBXResourcesBuildPhase section */
		421DF9911B1AACD700F8BFDE /* Resources */ = {
			isa = PBXResourcesBuildPhase;
			buildActionMask = 2147483647;
			files = (
				421DF9A21B1AACD700F8BFDE /* Main.storyboard in Resources */,
				421DF9A71B1AACD700F8BFDE /* LaunchScreen.xib in Resources */,
				421DF9A41B1AACD700F8BFDE /* Images.xcassets in Resources */,
			);
			runOnlyForDeploymentPostprocessing = 0;
		};
		421DF9AA1B1AACD700F8BFDE /* Resources */ = {
			isa = PBXResourcesBuildPhase;
			buildActionMask = 2147483647;
			files = (
			);
			runOnlyForDeploymentPostprocessing = 0;
		};
/* End PBXResourcesBuildPhase section */

/* Begin PBXSourcesBuildPhase section */
		421DF98F1B1AACD700F8BFDE /* Sources */ = {
			isa = PBXSourcesBuildPhase;
			buildActionMask = 2147483647;
			files = (
				421DF99F1B1AACD700F8BFDE /* ViewController.m in Sources */,
				421DF99C1B1AACD700F8BFDE /* AppDelegate.m in Sources */,
				421DF9991B1AACD700F8BFDE /* main.m in Sources */,
				426C7B6D1B1D00AC00CDB9EB /* ToDoListTableViewController.m in Sources */,
				426C7B691B1CFFC000CDB9EB /* AddToDoItemViewController.m in Sources */,
			);
			runOnlyForDeploymentPostprocessing = 0;
		};
		421DF9A81B1AACD700F8BFDE /* Sources */ = {
			isa = PBXSourcesBuildPhase;
			buildActionMask = 2147483647;
			files = (
				421DF9B31B1AACD700F8BFDE /* ToDoListTests.m in Sources */,
			);
			runOnlyForDeploymentPostprocessing = 0;
		};
/* End PBXSourcesBuildPhase section */

/* Begin PBXTargetDependency section */
		421DF9AE1B1AACD700F8BFDE /* PBXTargetDependency */ = {
			isa = PBXTargetDependency;
			target = 421DF9921B1AACD700F8BFDE /* ToDoList */;
			targetProxy = 421DF9AD1B1AACD700F8BFDE /* PBXContainerItemProxy */;
		};
/* End PBXTargetDependency section */

/* Begin PBXVariantGroup section */
		421DF9A01B1AACD700F8BFDE /* Main.storyboard */ = {
			isa = PBXVariantGroup;
			children = (
				421DF9A11B1AACD700F8BFDE /* Base */,
			);
			name = Main.storyboard;
			sourceTree = "<group>";
		};
		421DF9A51B1AACD700F8BFDE /* LaunchScreen.xib */ = {
			isa = PBXVariantGroup;
			children = (
				421DF9A61B1AACD700F8BFDE /* Base */,
			);
			name = LaunchScreen.xib;
			sourceTree = "<group>";
		};
/* End PBXVariantGroup section */

/* Begin XCBuildConfiguration section */
		421DF9B41B1AACD700F8BFDE /* Debug */ = {
			isa = XCBuildConfiguration;
			buildSettings = {
				ALWAYS_SEARCH_USER_PATHS = NO;
				CLANG_CXX_LANGUAGE_STANDARD = "gnu++0x";
				CLANG_CXX_LIBRARY = "libc++";
				CLANG_ENABLE_MODULES = YES;
				CLANG_ENABLE_OBJC_ARC = YES;
				CLANG_WARN_BOOL_CONVERSION = YES;
				CLANG_WARN_CONSTANT_CONVERSION = YES;
				CLANG_WARN_DIRECT_OBJC_ISA_USAGE = YES_ERROR;
				CLANG_WARN_EMPTY_BODY = YES;
				CLANG_WARN_ENUM_CONVERSION = YES;
				CLANG_WARN_INT_CONVERSION = YES;
				CLANG_WARN_OBJC_ROOT_CLASS = YES_ERROR;
				CLANG_WARN_UNREACHABLE_CODE = YES;
				CLANG_WARN__DUPLICATE_METHOD_MATCH = YES;
				"CODE_SIGN_IDENTITY[sdk=iphoneos*]" = "iPhone Developer";
				COPY_PHASE_STRIP = NO;
				ENABLE_STRICT_OBJC_MSGSEND = YES;
				GCC_C_LANGUAGE_STANDARD = gnu99;
				GCC_DYNAMIC_NO_PIC = NO;
				GCC_OPTIMIZATION_LEVEL = 0;
				GCC_PREPROCESSOR_DEFINITIONS = (
					"DEBUG=1",
					"$(inherited)",
				);
				GCC_SYMBOLS_PRIVATE_EXTERN = NO;
				GCC_WARN_64_TO_32_BIT_CONVERSION = YES;
				GCC_WARN_ABOUT_RETURN_TYPE = YES_ERROR;
				GCC_WARN_UNDECLARED_SELECTOR = YES;
				GCC_WARN_UNINITIALIZED_AUTOS = YES_AGGRESSIVE;
				GCC_WARN_UNUSED_FUNCTION = YES;
				GCC_WARN_UNUSED_VARIABLE = YES;
				IPHONEOS_DEPLOYMENT_TARGET = 8.2;
				MTL_ENABLE_DEBUG_INFO = YES;
				ONLY_ACTIVE_ARCH = YES;
				SDKROOT = iphoneos;
				TARGETED_DEVICE_FAMILY = "1,2";
			};
			name = Debug;
		};
		421DF9B51B1AACD700F8BFDE /* Release */ = {
			isa = XCBuildConfiguration;
			buildSettings = {
				ALWAYS_SEARCH_USER_PATHS = NO;
				CLANG_CXX_LANGUAGE_STANDARD = "gnu++0x";
				CLANG_CXX_LIBRARY = "libc++";
				CLANG_ENABLE_MODULES = YES;
				CLANG_ENABLE_OBJC_ARC = YES;
				CLANG_WARN_BOOL_CONVERSION = YES;
				CLANG_WARN_CONSTANT_CONVERSION = YES;
				CLANG_WARN_DIRECT_OBJC_ISA_USAGE = YES_ERROR;
				CLANG_WARN_EMPTY_BODY = YES;
				CLANG_WARN_ENUM_CONVERSION = YES;
				CLANG_WARN_INT_CONVERSION = YES;
				CLANG_WARN_OBJC_ROOT_CLASS = YES_ERROR;
				CLANG_WARN_UNREACHABLE_CODE = YES;
				CLANG_WARN__DUPLICATE_METHOD_MATCH = YES;
				"CODE_SIGN_IDENTITY[sdk=iphoneos*]" = "iPhone Developer";
				COPY_PHASE_STRIP = NO;
				ENABLE_NS_ASSERTIONS = NO;
				ENABLE_STRICT_OBJC_MSGSEND = YES;
				GCC_C_LANGUAGE_STANDARD = gnu99;
				GCC_WARN_64_TO_32_BIT_CONVERSION = YES;
				GCC_WARN_ABOUT_RETURN_TYPE = YES_ERROR;
				GCC_WARN_UNDECLARED_SELECTOR = YES;
				GCC_WARN_UNINITIALIZED_AUTOS = YES_AGGRESSIVE;
				GCC_WARN_UNUSED_FUNCTION = YES;
				GCC_WARN_UNUSED_VARIABLE = YES;
				IPHONEOS_DEPLOYMENT_TARGET = 8.2;
				MTL_ENABLE_DEBUG_INFO = NO;
				SDKROOT = iphoneos;
				TARGETED_DEVICE_FAMILY = "1,2";
				VALIDATE_PRODUCT = YES;
			};
			name = Release;
		};
		421DF9B71B1AACD700F8BFDE /* Debug */ = {
			isa = XCBuildConfiguration;
			buildSettings = {
				ASSETCATALOG_COMPILER_APPICON_NAME = AppIcon;
				INFOPLIST_FILE = ToDoList/Info.plist;
				LD_RUNPATH_SEARCH_PATHS = "$(inherited) @executable_path/Frameworks";
				PRODUCT_NAME = "$(TARGET_NAME)";
			};
			name = Debug;
		};
		421DF9B81B1AACD700F8BFDE /* Release */ = {
			isa = XCBuildConfiguration;
			buildSettings = {
				ASSETCATALOG_COMPILER_APPICON_NAME = AppIcon;
				INFOPLIST_FILE = ToDoList/Info.plist;
				LD_RUNPATH_SEARCH_PATHS = "$(inherited) @executable_path/Frameworks";
				PRODUCT_NAME = "$(TARGET_NAME)";
			};
			name = Release;
		};
		421DF9BA1B1AACD700F8BFDE /* Debug */ = {
			isa = XCBuildConfiguration;
			buildSettings = {
				BUNDLE_LOADER = "$(TEST_HOST)";
				FRAMEWORK_SEARCH_PATHS = (
					"$(SDKROOT)/Developer/Library/Frameworks",
					"$(inherited)",
				);
				GCC_PREPROCESSOR_DEFINITIONS = (
					"DEBUG=1",
					"$(inherited)",
				);
				INFOPLIST_FILE = ToDoListTests/Info.plist;
				LD_RUNPATH_SEARCH_PATHS = "$(inherited) @executable_path/Frameworks @loader_path/Frameworks";
				PRODUCT_NAME = "$(TARGET_NAME)";
				TEST_HOST = "$(BUILT_PRODUCTS_DIR)/ToDoList.app/ToDoList";
			};
			name = Debug;
		};
		421DF9BB1B1AACD700F8BFDE /* Release */ = {
			isa = XCBuildConfiguration;
			buildSettings = {
				BUNDLE_LOADER = "$(TEST_HOST)";
				FRAMEWORK_SEARCH_PATHS = (
					"$(SDKROOT)/Developer/Library/Frameworks",
					"$(inherited)",
				);
				INFOPLIST_FILE = ToDoListTests/Info.plist;
				LD_RUNPATH_SEARCH_PATHS = "$(inherited) @executable_path/Frameworks @loader_path/Frameworks";
				PRODUCT_NAME = "$(TARGET_NAME)";
				TEST_HOST = "$(BUILT_PRODUCTS_DIR)/ToDoList.app/ToDoList";
			};
			name = Release;
		};
/* End XCBuildConfiguration section */

/* Begin XCConfigurationList section */
		421DF98E1B1AACD700F8BFDE /* Build configuration list for PBXProject "ToDoList" */ = {
			isa = XCConfigurationList;
			buildConfigurations = (
				421DF9B41B1AACD700F8BFDE /* Debug */,
				421DF9B51B1AACD700F8BFDE /* Release */,
			);
			defaultConfigurationIsVisible = 0;
			defaultConfigurationName = Release;
		};
		421DF9B61B1AACD700F8BFDE /* Build configuration list for PBXNativeTarget "ToDoList" */ = {
			isa = XCConfigurationList;
			buildConfigurations = (
				421DF9B71B1AACD700F8BFDE /* Debug */,
				421DF9B81B1AACD700F8BFDE /* Release */,
			);
			defaultConfigurationIsVisible = 0;
			defaultConfigurationName = Release;
		};
		421DF9B91B1AACD700F8BFDE /* Build configuration list for PBXNativeTarget "ToDoListTests" */ = {
			isa = XCConfigurationList;
			buildConfigurations = (
				421DF9BA1B1AACD700F8BFDE /* Debug */,
				421DF9BB1B1AACD700F8BFDE /* Release */,
			);
			defaultConfigurationIsVisible = 0;
			defaultConfigurationName = Release;
		};
/* End XCConfigurationList section */
	};
	rootObject = 421DF98B1B1AACD700F8BFDE /* Project object */;
}
